github.com/agiledragon/gomonkey v2.0.2+incompatible h1:eXKi9/piiC3cjJD1658mEE2o3NjkJ5vDLgYjCQu0Xlw=
github.com/davecgh/go-spew v1.1.1 h1:vj9j/u1bqnvCEfJOwUhtlOARqs3+rkHYY13jYWTU97c=
github.com/pmezard/go-difflib v1.0.0 h1:4DBwDE0NGyQoBHbLQYPwSUPoCMWR5BEzIk/f1lZbAQM=
github.com/smartwalle/alipay/v3 v3.2.29 h1:roGFqlml8hDa//0TpFmlyxZhndTYs7rbYLu/HlNFNJo=
github.com/smartwalle/ncrypto v1.0.4 h1:P2rqQxDepJwgeO5ShoC+wGcK2wNJDmcdBOWAksuIgx8=
github.com/smartwalle/ngx v1.1.0 h1:q8nANgWSPRGeI/u+ixBoA4mf68DrUq6vZ+n9L5UKv9I=
github.com/smartwalle/nsign v1.0.9 h1:8poAgG7zBd8HkZy9RQDwasC6XZvJpDGQWSjzL2FZL6E=
github.com/stretchr/testify v1.11.1 h1:7s2iGBzp5EwR7/aIZr8ao5+dra3wiQyKjjFuvgVKu7U=
github.com/wechatpay-apiv3/wechatpay-go v0.2.21 h1:uIyMpzvcaHA33W/QPtHstccw+X52HO1gFdvVL9O6Lfs=
gopkg.in/yaml.v3 v3.0.1 h1:fxVm/GzAzEWqLHuvctI91KS9hhNmmWOoWu0XTYJS7CA=
