github.com/alibabacloud-go/alibabacloud-gateway-pop v0.0.6 h1:eIf+iGJxdU4U9ypaUfbtOWCsZSbTb8AUHvyPrxu6mAA=
github.com/alibabacloud-go/alibabacloud-gateway-spi v0.0.5 h1:zE8vH9C7JiZLNJJQ5OwjU9mSi4T9ef9u3BURT6LCLC8=
github.com/alibabacloud-go/darabonba-array v0.1.0 h1:vR8s7b1fWAQIjEjWnuF0JiKsCvclSRTfDzZHTYqfufY=
github.com/alibabacloud-go/darabonba-encode-util v0.0.2 h1:1uJGrbsGEVqWcWxrS9MyC2NG0Ax+GpOM5gtupki31XE=
github.com/alibabacloud-go/darabonba-map v0.0.2 h1:qvPnGB4+dJbJIxOOfawxzF3hzMnIpjmafa0qOTp6udc=
github.com/alibabacloud-go/darabonba-openapi/v2 v2.2.2 h1:xu7UZuLUQsgCPJA02c2DEvIWjIZVh44KlDvPwuzqolo=
github.com/alibabacloud-go/darabonba-signature-util v0.0.7 h1:UzCnKvsjPFzApvODDNEYqBHMFt1w98wC7FOo0InLyxg=
github.com/alibabacloud-go/darabonba-string v1.0.2 h1:E714wms5ibdzCqGeYJ9JCFywE5nDyvIXIIQbZVFkkqo=
github.com/alibabacloud-go/debug v1.0.1 h1:MsW9SmUtbb1Fnt3ieC6NNZi6aEwrXfDksD4QA6GSbPg=
github.com/alibabacloud-go/dysmsapi-20170525/v5 v5.6.0 h1:xJwU7B3ZjXvjL8EIpaLI5hP5TuxTfaWSJnBVga2D8Ms=
github.com/alibabacloud-go/endpoint-util v1.1.0 h1:r/4D3VSw888XGaeNpP994zDUaxdgTSHBbVfZlzf6b5Q=
github.com/alibabacloud-go/openapi-util v0.1.0 h1:0z75cIULkDrdEhkLWgi9tnLe+KhAFE/r5Pb3312/eAY=
github.com/alibabacloud-go/tea v1.5.1 h1:V519mvow9s6XdbrrLvZ+oR2HiaeY4KIN4yBfURbxlwc=
github.com/alibabacloud-go/tea-utils v1.3.1 h1:iWQeRzRheqCMuiF3+XkfybB3kTgUXkXX+JMrqfLeB2I=
github.com/alibabacloud-go/tea-utils/v2 v2.0.9 h1:y6pUIlhjxbZl9ObDAcmA1H3c21eaAxADHTDQmBnAIgA=
github.com/aliyun/credentials-go v1.4.5 h1:O76WYKgdy1oQYYiJkERjlA2dxGuvLRrzuO2ScrtGWSk=
github.com/clbanning/mxj/v2 v2.7.0 h1:WA/La7UGCanFe5NpHF0Q3DNtnCsVoxbPKuyBNHWRyME=
github.com/davecgh/go-spew v1.1.1 h1:vj9j/u1bqnvCEfJOwUhtlOARqs3+rkHYY13jYWTU97c=
github.com/google/go-cmp v0.7.0 h1:wk8382ETsv4JYUZwIsn6YpYiWiBsYLSJiTsyBybVuN8=
github.com/gorilla/websocket v1.5.3 h1:saDtZ6Pbx/0u+bgYQ3q96pZgCzfhKXGPqt7kZ72aNNg=
github.com/json-iterator/go v1.1.12 h1:PV8peI4a0ysnczrg+LtxykD8LfKY9ML6u2jnxaEnrnM=
github.com/modern-go/concurrent v0.0.0-20180306012644-bacd9c7ef1dd h1:TRLaZ9cD/w8PVh93nsPXa1VrQ6jlwL5oN8l14QlcNfg=
github.com/modern-go/reflect2 v1.0.2 h1:xBagoLtFs94CBntxluKeaWgTMpvLxC4ur3nMaC9Gz0M=
github.com/pmezard/go-difflib v1.0.0 h1:4DBwDE0NGyQoBHbLQYPwSUPoCMWR5BEzIk/f1lZbAQM=
github.com/stretchr/testify v1.11.1 h1:7s2iGBzp5EwR7/aIZr8ao5+dra3wiQyKjjFuvgVKu7U=
github.com/tencentcloud/tencentcloud-sdk-go/tencentcloud/common v1.3.127 h1:/Z1234g1ixp6dR5YR8+CHYKcf6A3HgOWiJjBU96vvng=
github.com/tencentcloud/tencentcloud-sdk-go/tencentcloud/sms v1.3.93 h1:+HmyErvypBJGp0sxVM+e9g9/MtqKZoWXzZtndpHRUwo=
github.com/tjfoc/gmsm v1.4.1 h1:aMe1GlZb+0bLjn+cKTPEvvn9oUEBlJitaZiiBwsbgho=
golang.org/x/net v0.56.0 h1:Rw8j/hFzGvJUZwNBXnAtf5sVDVt+65SK2C7IxCxZt5o=
gopkg.in/ini.v1 v1.67.2 h1:JtOSMb9OuaCZKr7h5D/h6iii14sK0hLbplTc6frx4Ss=
gopkg.in/yaml.v3 v3.0.1 h1:fxVm/GzAzEWqLHuvctI91KS9hhNmmWOoWu0XTYJS7CA=
